schema_version: atobench.verification_resilience.semantic_match_lock.v1
analysis_version: verification_resilience_v1
scope: full_cohort
freeze_status: frozen
semantic_match_calls_authorized: true
judge_calls_authorized: false
alignment_verifier_calls_authorized: false
packet_build_authorized: false
pilot_selection_authorized: false
offline_validation_authorized: true
expected_full_episode_count: 430
base_calls_per_episode: 2
adjudication_policy: semantic_disagreement_only
max_attempts_per_role: 2
recommended_workers: 4
paper_integration_authorized: false
hashes: {}
